<?xml version="1.0" encoding="utf-8"?>
<Project ToolsVersion="4.0" xmlns="http://schemas.microsoft.com/developer/msbuild/2003">
  <ItemGroup>
    <Filter Include="Source Files">
      <UniqueIdentifier>{4FC737F1-C7A5-4376-A066-2A32D752A2FF}</UniqueIdentifier>
      <Extensions>cpp;c;cc;cxx;c++;def;odl;idl;hpj;bat;asm;asmx</Extensions>
    </Filter>
    <Filter Include="Source Files\io">
      <UniqueIdentifier>{fb114249-6afb-4c26-96d2-1f8eb09ee1c6}</UniqueIdentifier>
    </Filter>
    <Filter Include="Source Files\objects">
      <UniqueIdentifier>{70d113a6-2d35-4eb5-8a1a-63ecebacef34}</UniqueIdentifier>
    </Filter>
    <Filter Include="Source Files\materials">
      <UniqueIdentifier>{966871b4-821c-4460-9977-fa9c9b354ac4}</UniqueIdentifier>
    </Filter>
    <Filter Include="Source Files\integrators">
      <UniqueIdentifier>{072b7456-4d7e-41aa-97f1-ff3718543209}</UniqueIdentifier>
    </Filter>
    <Filter Include="Source Files\lights">
      <UniqueIdentifier>{80d07e3b-853c-43ec-84b9-09589b2fc9f5}</UniqueIdentifier>
    </Filter>
    <Filter Include="Source Files\cameras">
      <UniqueIdentifier>{67eedaa1-79ed-41c5-bf78-2b044d3a2f8e}</UniqueIdentifier>
    </Filter>
    <Filter Include="Source Files\utils">
      <UniqueIdentifier>{23b03c7a-86c3-40d8-b23e-bad8a527c443}</UniqueIdentifier>
    </Filter>
    <Filter Include="Source Files\geometry">
      <UniqueIdentifier>{618845aa-171b-4533-b6e5-ff84a164de78}</UniqueIdentifier>
    </Filter>
  </ItemGroup>
  <ItemGroup>
    <ClCompile Include="src\main.cpp">
      <Filter>Source Files</Filter>
    </ClCompile>
    <ClCompile Include="src\Scene.cpp">
      <Filter>Source Files</Filter>
    </ClCompile>
    <ClCompile Include="src\Renderer.cpp">
      <Filter>Source Files</Filter>
    </ClCompile>
    <ClCompile Include="src\cameras\PerspectiveCamera.cpp">
      <Filter>Source Files\cameras</Filter>
    </ClCompile>
    <ClCompile Include="src\utils\console_progress_bar.cpp">
      <Filter>Source Files\utils</Filter>
    </ClCompile>
    <ClCompile Include="src\geometry\SphereGeometry.cpp">
      <Filter>Source Files\geometry</Filter>
    </ClCompile>
    <ClCompile Include="src\texture.cpp">
      <Filter>Source Files</Filter>
    </ClCompile>
    <ClCompile Include="src\integrators\RayCastIntegrator.cpp">
      <Filter>Source Files\integrators</Filter>
    </ClCompile>
    <ClCompile Include="src\geometry\PlaneGeometry.cpp">
      <Filter>Source Files\geometry</Filter>
    </ClCompile>
  </ItemGroup>
  <ItemGroup>
    <ClInclude Include="src\texture.hpp">
      <Filter>Source Files</Filter>
    </ClInclude>
    <ClInclude Include="src\Scene.hpp">
      <Filter>Source Files</Filter>
    </ClInclude>
    <ClInclude Include="src\Renderer.hpp">
      <Filter>Source Files</Filter>
    </ClInclude>
    <ClInclude Include="src\Ray.hpp">
      <Filter>Source Files</Filter>
    </ClInclude>
    <ClInclude Include="src\HitRecord.hpp">
      <Filter>Source Files</Filter>
    </ClInclude>
    <ClInclude Include="src\defines.hpp">
      <Filter>Source Files</Filter>
    </ClInclude>
    <ClInclude Include="src\utils\chrono.hpp">
      <Filter>Source Files\utils</Filter>
    </ClInclude>
    <ClInclude Include="src\utils\console_progress_bar.hpp">
      <Filter>Source Files\utils</Filter>
    </ClInclude>
    <ClInclude Include="src\objects\BaseObject.hpp">
      <Filter>Source Files\objects</Filter>
    </ClInclude>
    <ClInclude Include="src\objects\Sphere.hpp">
      <Filter>Source Files\objects</Filter>
    </ClInclude>
    <ClInclude Include="src\materials\BaseMaterial.hpp">
      <Filter>Source Files\materials</Filter>
    </ClInclude>
    <ClInclude Include="src\materials\ColorMaterial.hpp">
      <Filter>Source Files\materials</Filter>
    </ClInclude>
    <ClInclude Include="src\lights\BaseLight.hpp">
      <Filter>Source Files\lights</Filter>
    </ClInclude>
    <ClInclude Include="src\lights\LightSample.hpp">
      <Filter>Source Files\lights</Filter>
    </ClInclude>
    <ClInclude Include="src\io\stb_include.hpp">
      <Filter>Source Files\io</Filter>
    </ClInclude>
    <ClInclude Include="src\integrators\BaseIntegrator.hpp">
      <Filter>Source Files\integrators</Filter>
    </ClInclude>
    <ClInclude Include="src\integrators\RayCastIntegrator.hpp">
      <Filter>Source Files\integrators</Filter>
    </ClInclude>
    <ClInclude Include="src\geometry\BaseGeometry.hpp">
      <Filter>Source Files\geometry</Filter>
    </ClInclude>
    <ClInclude Include="src\geometry\SphereGeometry.hpp">
      <Filter>Source Files\geometry</Filter>
    </ClInclude>
    <ClInclude Include="src\cameras\BaseCamera.hpp">
      <Filter>Source Files\cameras</Filter>
    </ClInclude>
    <ClInclude Include="src\cameras\PerspectiveCamera.hpp">
      <Filter>Source Files\cameras</Filter>
    </ClInclude>
    <ClInclude Include="src\objects\Plane.hpp">
      <Filter>Source Files\objects</Filter>
    </ClInclude>
    <ClInclude Include="src\geometry\PlaneGeometry.hpp">
      <Filter>Source Files\geometry</Filter>
    </ClInclude>
    <ClInclude Include="src\integrators\DirectLightingIntegrator.hpp">
      <Filter>Source Files\integrators</Filter>
    </ClInclude>
    <ClInclude Include="src\lights\PointLight.hpp">
      <Filter>Source Files\lights</Filter>
    </ClInclude>
    <ClInclude Include="src\lights\QuadLight.hpp">
      <Filter>Source Files\lights</Filter>
    </ClInclude>
  </ItemGroup>
  <ItemGroup>
    <None Include=".clang-format" />
  </ItemGroup>
</Project>